
Microsoft Visual Studio Solution File, Format Version 12.00
# Visual Studio Version 17
VisualStudioVersion = 17.6.33829.357
MinimumVisualStudioVersion = 10.0.40219.1
Project("{FAE04EC0-301F-11D3-BF4B-00C04F79EFBC}") = "Acronym Generator", "Acronym Generator\Acronym Generator.csproj", "{548F8AE7-91B0-463C-A02E-6AAF1C153F90}"
EndProject
Global
	GlobalSection(SolutionConfigurationPlatforms) = preSolution
		Debug|Any CPU = Debug|Any CPU
		Release|Any CPU = Release|Any CPU
	EndGlobalSection
	GlobalSection(ProjectConfigurationPlatforms) = postSolution
		{548F8AE7-91B0-463C-A02E-6AAF1C153F90}.Debug|Any CPU.ActiveCfg = Debug|Any CPU
		{548F8AE7-91B0-463C-A02E-6AAF1C153F90}.Debug|Any CPU.Build.0 = Debug|Any CPU
		{548F8AE7-91B0-463C-A02E-6AAF1C153F90}.Release|Any CPU.ActiveCfg = Release|Any CPU
		{548F8AE7-91B0-463C-A02E-6AAF1C153F90}.Release|Any CPU.Build.0 = Release|Any CPU
	EndGlobalSection
	GlobalSection(SolutionProperties) = preSolution
		HideSolutionNode = FALSE
	EndGlobalSection
	GlobalSection(ExtensibilityGlobals) = postSolution
		SolutionGuid = {AD83AEB3-925F-4932-A3AC-517768747CC1}
	EndGlobalSection
EndGlobal
